
Microsoft Visual Studio Solution File, Format Version 12.00
# Visual Studio 14
VisualStudioVersion = 14.0.25420.1
MinimumVisualStudioVersion = 10.0.40219.1
Project("{FAE04EC0-301F-11D3-BF4B-00C04F79EFBC}") = "ConverterArmEng", "ConverterArmEng\ConverterArmEng.csproj", "{16AAC0B1-5F64-43D4-B590-61FCAB53630C}"
EndProject
Project("{FAE04EC0-301F-11D3-BF4B-00C04F79EFBC}") = "Testing", "Testing\Testing.csproj", "{A1F1A96C-ACBB-4E72-8554-E622BF798DCF}"
EndProject
Global
	GlobalSection(SolutionConfigurationPlatforms) = preSolution
		Debug|Any CPU = Debug|Any CPU
		Release|Any CPU = Release|Any CPU
	EndGlobalSection
	GlobalSection(ProjectConfigurationPlatforms) = postSolution
		{16AAC0B1-5F64-43D4-B590-61FCAB53630C}.Debug|Any CPU.ActiveCfg = Debug|Any CPU
		{16AAC0B1-5F64-43D4-B590-61FCAB53630C}.Debug|Any CPU.Build.0 = Debug|Any CPU
		{16AAC0B1-5F64-43D4-B590-61FCAB53630C}.Release|Any CPU.ActiveCfg = Release|Any CPU
		{16AAC0B1-5F64-43D4-B590-61FCAB53630C}.Release|Any CPU.Build.0 = Release|Any CPU
		{A1F1A96C-ACBB-4E72-8554-E622BF798DCF}.Debug|Any CPU.ActiveCfg = Debug|Any CPU
		{A1F1A96C-ACBB-4E72-8554-E622BF798DCF}.Debug|Any CPU.Build.0 = Debug|Any CPU
		{A1F1A96C-ACBB-4E72-8554-E622BF798DCF}.Release|Any CPU.ActiveCfg = Release|Any CPU
		{A1F1A96C-ACBB-4E72-8554-E622BF798DCF}.Release|Any CPU.Build.0 = Release|Any CPU
	EndGlobalSection
	GlobalSection(SolutionProperties) = preSolution
		HideSolutionNode = FALSE
	EndGlobalSection
EndGlobal
