
Microsoft Visual Studio Solution File, Format Version 12.00
# Visual Studio 14
VisualStudioVersion = 14.0.25420.1
MinimumVisualStudioVersion = 10.0.40219.1
Project("{FAE04EC0-301F-11D3-BF4B-00C04F79EFBC}") = "WorkWithFiles", "WorkWithFiles\WorkWithFiles.csproj", "{EEA45E3B-D337-44BF-BB42-01CF913900A4}"
EndProject
Project("{FAE04EC0-301F-11D3-BF4B-00C04F79EFBC}") = "WorkWithFiles01", "WorkWithFiles01\WorkWithFiles01.csproj", "{7A4BF647-3C98-442B-B555-9964DD54A47A}"
EndProject
Project("{FAE04EC0-301F-11D3-BF4B-00C04F79EFBC}") = "WorkWithFiles02", "WorkWithFiles02\WorkWithFiles02.csproj", "{BE8D68C2-9E4C-4F78-9EE9-DAF7F46BD888}"
EndProject
Project("{FAE04EC0-301F-11D3-BF4B-00C04F79EFBC}") = "WorkWithFiles03", "WorkWithFiles03\WorkWithFiles03.csproj", "{B1DD10C0-6906-46E5-9B7D-270A33F572E2}"
EndProject
Global
	GlobalSection(SolutionConfigurationPlatforms) = preSolution
		Debug|Any CPU = Debug|Any CPU
		Release|Any CPU = Release|Any CPU
	EndGlobalSection
	GlobalSection(ProjectConfigurationPlatforms) = postSolution
		{EEA45E3B-D337-44BF-BB42-01CF913900A4}.Debug|Any CPU.ActiveCfg = Debug|Any CPU
		{EEA45E3B-D337-44BF-BB42-01CF913900A4}.Debug|Any CPU.Build.0 = Debug|Any CPU
		{EEA45E3B-D337-44BF-BB42-01CF913900A4}.Release|Any CPU.ActiveCfg = Release|Any CPU
		{EEA45E3B-D337-44BF-BB42-01CF913900A4}.Release|Any CPU.Build.0 = Release|Any CPU
		{7A4BF647-3C98-442B-B555-9964DD54A47A}.Debug|Any CPU.ActiveCfg = Debug|Any CPU
		{7A4BF647-3C98-442B-B555-9964DD54A47A}.Debug|Any CPU.Build.0 = Debug|Any CPU
		{7A4BF647-3C98-442B-B555-9964DD54A47A}.Release|Any CPU.ActiveCfg = Release|Any CPU
		{7A4BF647-3C98-442B-B555-9964DD54A47A}.Release|Any CPU.Build.0 = Release|Any CPU
		{BE8D68C2-9E4C-4F78-9EE9-DAF7F46BD888}.Debug|Any CPU.ActiveCfg = Debug|Any CPU
		{BE8D68C2-9E4C-4F78-9EE9-DAF7F46BD888}.Debug|Any CPU.Build.0 = Debug|Any CPU
		{BE8D68C2-9E4C-4F78-9EE9-DAF7F46BD888}.Release|Any CPU.ActiveCfg = Release|Any CPU
		{BE8D68C2-9E4C-4F78-9EE9-DAF7F46BD888}.Release|Any CPU.Build.0 = Release|Any CPU
		{B1DD10C0-6906-46E5-9B7D-270A33F572E2}.Debug|Any CPU.ActiveCfg = Debug|Any CPU
		{B1DD10C0-6906-46E5-9B7D-270A33F572E2}.Debug|Any CPU.Build.0 = Debug|Any CPU
		{B1DD10C0-6906-46E5-9B7D-270A33F572E2}.Release|Any CPU.ActiveCfg = Release|Any CPU
		{B1DD10C0-6906-46E5-9B7D-270A33F572E2}.Release|Any CPU.Build.0 = Release|Any CPU
	EndGlobalSection
	GlobalSection(SolutionProperties) = preSolution
		HideSolutionNode = FALSE
	EndGlobalSection
EndGlobal
